{
  "version": "5",
  "specifiers": {
    "jsr:@std/encoding@0.224.0": "0.224.0",
    "jsr:@zaubrik/djwt@3": "3.0.2"
  },
  "jsr": {
    "@std/encoding@0.224.0": {
      "integrity": "efb6dca97d3e9c31392bd5c8cfd9f9fc9decf5a1f4d1f78af7900a493bcf89b5"
    },
    "@zaubrik/djwt@3.0.2": {
      "integrity": "8070adaa49cd9e5d2b8ae82fd461132c966ef2f8ff8378db4a4da8df4f17c664",
      "dependencies": [
        "jsr:@std/encoding"
      ]
    }
  },
  "workspace": {
    "dependencies": [
      "jsr:@std/assert@1",
      "jsr:@zaubrik/djwt@3"
    ]
  }
}
